
Microsoft Visual Studio Solution File, Format Version 12.00
Project("{FAE04EC0-301F-11D3-BF4B-00C04F79EFBC}") = "PropChaseScraper", "PropChaseScraper\PropChaseScraper.csproj", "{70E8BC5A-1870-4CD4-B277-1DBDFDC43CB0}"
EndProject
Global
	GlobalSection(SolutionConfigurationPlatforms) = preSolution
		Debug|Any CPU = Debug|Any CPU
		Release|Any CPU = Release|Any CPU
	EndGlobalSection
	GlobalSection(ProjectConfigurationPlatforms) = postSolution
		{70E8BC5A-1870-4CD4-B277-1DBDFDC43CB0}.Debug|Any CPU.ActiveCfg = Debug|Any CPU
		{70E8BC5A-1870-4CD4-B277-1DBDFDC43CB0}.Debug|Any CPU.Build.0 = Debug|Any CPU
		{70E8BC5A-1870-4CD4-B277-1DBDFDC43CB0}.Release|Any CPU.ActiveCfg = Release|Any CPU
		{70E8BC5A-1870-4CD4-B277-1DBDFDC43CB0}.Release|Any CPU.Build.0 = Release|Any CPU
	EndGlobalSection
EndGlobal
